
Microsoft Visual Studio Solution File, Format Version 12.00
# Visual Studio Version 17
VisualStudioVersion = 17.9.34607.119
MinimumVisualStudioVersion = 10.0.40219.1
Project("{FAE04EC0-301F-11D3-BF4B-00C04F79EFBC}") = "ClimbingWallBooker", "ClimbingWallBooker.csproj", "{656B9D6F-D12D-4A16-8BE5-01B978E36D4C}"
EndProject
Project("{FAE04EC0-301F-11D3-BF4B-00C04F79EFBC}") = "BookingTester", "..\BookingTester\BookingTester.csproj", "{FF8D76FD-202D-4F8D-A442-29C8EEF4173E}"
EndProject
Global
	GlobalSection(SolutionConfigurationPlatforms) = preSolution
		Debug|Any CPU = Debug|Any CPU
		Release|Any CPU = Release|Any CPU
	EndGlobalSection
	GlobalSection(ProjectConfigurationPlatforms) = postSolution
		{656B9D6F-D12D-4A16-8BE5-01B978E36D4C}.Debug|Any CPU.ActiveCfg = Debug|Any CPU
		{656B9D6F-D12D-4A16-8BE5-01B978E36D4C}.Debug|Any CPU.Build.0 = Debug|Any CPU
		{656B9D6F-D12D-4A16-8BE5-01B978E36D4C}.Release|Any CPU.ActiveCfg = Release|Any CPU
		{656B9D6F-D12D-4A16-8BE5-01B978E36D4C}.Release|Any CPU.Build.0 = Release|Any CPU
		{FF8D76FD-202D-4F8D-A442-29C8EEF4173E}.Debug|Any CPU.ActiveCfg = Debug|Any CPU
		{FF8D76FD-202D-4F8D-A442-29C8EEF4173E}.Debug|Any CPU.Build.0 = Debug|Any CPU
		{FF8D76FD-202D-4F8D-A442-29C8EEF4173E}.Release|Any CPU.ActiveCfg = Release|Any CPU
		{FF8D76FD-202D-4F8D-A442-29C8EEF4173E}.Release|Any CPU.Build.0 = Release|Any CPU
	EndGlobalSection
	GlobalSection(SolutionProperties) = preSolution
		HideSolutionNode = FALSE
	EndGlobalSection
	GlobalSection(ExtensibilityGlobals) = postSolution
		SolutionGuid = {68940E09-2ADB-47D7-AC88-8BB49B4014D1}
	EndGlobalSection
EndGlobal
